
Microsoft Visual Studio Solution File, Format Version 12.00
# Visual Studio Version 17
VisualStudioVersion = 17.7.34024.191
MinimumVisualStudioVersion = 10.0.40219.1
Project("{FAE04EC0-301F-11D3-BF4B-00C04F79EFBC}") = "ContosoUniversity", "ContosoUniversity\ContosoUniversity.csproj", "{971C6180-B1B8-41C0-9440-E12AC177BEC7}"
EndProject
Global
	GlobalSection(SolutionConfigurationPlatforms) = preSolution
		Debug|Any CPU = Debug|Any CPU
		Release|Any CPU = Release|Any CPU
	EndGlobalSection
	GlobalSection(ProjectConfigurationPlatforms) = postSolution
		{971C6180-B1B8-41C0-9440-E12AC177BEC7}.Debug|Any CPU.ActiveCfg = Debug|Any CPU
		{971C6180-B1B8-41C0-9440-E12AC177BEC7}.Debug|Any CPU.Build.0 = Debug|Any CPU
		{971C6180-B1B8-41C0-9440-E12AC177BEC7}.Release|Any CPU.ActiveCfg = Release|Any CPU
		{971C6180-B1B8-41C0-9440-E12AC177BEC7}.Release|Any CPU.Build.0 = Release|Any CPU
	EndGlobalSection
	GlobalSection(SolutionProperties) = preSolution
		HideSolutionNode = FALSE
	EndGlobalSection
	GlobalSection(ExtensibilityGlobals) = postSolution
		SolutionGuid = {C83CBBDE-F5D5-4459-A6FA-D348CD31DA0C}
	EndGlobalSection
EndGlobal
